PODS:
  - FSCalendar (2.7.7)
  - GRDB.swift (0.108.0)

DEPENDENCIES:
  - FSCalendar
  - GRDB.swift

SPEC CHECKSUMS:
  FSCalendar: 8bda3534e8590b87124af9a236887314e0359a27
  GRDB.swift: 28676d9fd5bad32e9b1c9cf563906fdefe493004

PODFILE CHECKSUM: 10ef9801ba9827c2299f81903ec4c044ff9c7e1e

COCOAPODS: 1.2.1
